
Microsoft Visual Studio Solution File, Format Version 12.00
# Visual Studio Version 17
VisualStudioVersion = 17.7.34031.279
MinimumVisualStudioVersion = 10.0.40219.1
Project("{8BC9CEB8-8B4A-11D0-8D11-00A0C91BC942}") = "2023_1012_maususannpuru", "2023_1012_maususannpuru\2023_1012_maususannpuru.vcxproj", "{741B1BCB-EA9E-41C9-8292-AF1018041234}"
EndProject
Global
	GlobalSection(SolutionConfigurationPlatforms) = preSolution
		Debug|x64 = Debug|x64
		Release|x64 = Release|x64
	EndGlobalSection
	GlobalSection(ProjectConfigurationPlatforms) = postSolution
		{741B1BCB-EA9E-41C9-8292-AF1018041234}.Debug|x64.ActiveCfg = Debug|x64
		{741B1BCB-EA9E-41C9-8292-AF1018041234}.Debug|x64.Build.0 = Debug|x64
		{741B1BCB-EA9E-41C9-8292-AF1018041234}.Release|x64.ActiveCfg = Release|x64
		{741B1BCB-EA9E-41C9-8292-AF1018041234}.Release|x64.Build.0 = Release|x64
	EndGlobalSection
	GlobalSection(SolutionProperties) = preSolution
		HideSolutionNode = FALSE
	EndGlobalSection
	GlobalSection(ExtensibilityGlobals) = postSolution
		SolutionGuid = {5967C66F-A5F2-4E0F-9A83-584FC23F1C21}
	EndGlobalSection
EndGlobal
